
Microsoft Visual Studio Solution File, Format Version 12.00
# Visual Studio 2015
Project("{FAE04EC0-301F-11D3-BF4B-00C04F79EFBC}") = "Source_Kill_chicken.CSharp", "Source_Kill_chicken.CSharp.csproj", "{A63A5DF5-1B02-68AC-2E4D-0B3879690BC5}"
EndProject
Global
	GlobalSection(SolutionConfigurationPlatforms) = preSolution
		Debug|Any CPU = Debug|Any CPU
		Release|Any CPU = Release|Any CPU
	EndGlobalSection
	GlobalSection(ProjectConfigurationPlatforms) = postSolution
		{A63A5DF5-1B02-68AC-2E4D-0B3879690BC5}.Debug|Any CPU.ActiveCfg = Debug|Any CPU
		{A63A5DF5-1B02-68AC-2E4D-0B3879690BC5}.Debug|Any CPU.Build.0 = Debug|Any CPU
		{A63A5DF5-1B02-68AC-2E4D-0B3879690BC5}.Release|Any CPU.ActiveCfg = Release|Any CPU
		{A63A5DF5-1B02-68AC-2E4D-0B3879690BC5}.Release|Any CPU.Build.0 = Release|Any CPU
	EndGlobalSection
	GlobalSection(SolutionProperties) = preSolution
		HideSolutionNode = FALSE
	EndGlobalSection
EndGlobal
